
Microsoft Visual Studio Solution File, Format Version 12.00
# Visual Studio Version 17
VisualStudioVersion = 17.14.36518.9 d17.14
MinimumVisualStudioVersion = 10.0.40219.1
Project("{FAE04EC0-301F-11D3-BF4B-00C04F79EFBC}") = "systemControlBook", "systemControlBook\systemControlBook.csproj", "{D353BE2E-BB3E-40E2-8CCB-AE7DB4A6C0C0}"
EndProject
Global
	GlobalSection(SolutionConfigurationPlatforms) = preSolution
		Debug|Any CPU = Debug|Any CPU
		Release|Any CPU = Release|Any CPU
	EndGlobalSection
	GlobalSection(ProjectConfigurationPlatforms) = postSolution
		{D353BE2E-BB3E-40E2-8CCB-AE7DB4A6C0C0}.Debug|Any CPU.ActiveCfg = Debug|Any CPU
		{D353BE2E-BB3E-40E2-8CCB-AE7DB4A6C0C0}.Debug|Any CPU.Build.0 = Debug|Any CPU
		{D353BE2E-BB3E-40E2-8CCB-AE7DB4A6C0C0}.Release|Any CPU.ActiveCfg = Release|Any CPU
		{D353BE2E-BB3E-40E2-8CCB-AE7DB4A6C0C0}.Release|Any CPU.Build.0 = Release|Any CPU
	EndGlobalSection
	GlobalSection(SolutionProperties) = preSolution
		HideSolutionNode = FALSE
	EndGlobalSection
	GlobalSection(ExtensibilityGlobals) = postSolution
		SolutionGuid = {4B256F72-6E26-42AA-8891-0AE23E87BFC0}
	EndGlobalSection
EndGlobal
